Microsoft Visual Studio Solution File, Format Version 12.00
# Visual Studio 16
Project("{2150E333-8FDC-42A3-9474-1A3956D46DE8}") = "CMakePredefinedTargets", "CMakePredefinedTargets", "{3E4D538D-AA48-3D72-8192-30034A38E1C3}"
EndProject
Project("{2150E333-8FDC-42A3-9474-1A3956D46DE8}") = "External", "External", "{3A51C870-F6CD-3846-BE46-EDBB18C2082A}"
EndProject
Project("{2150E333-8FDC-42A3-9474-1A3956D46DE8}") = "Internal", "Internal", "{F0E18D0E-A911-38E6-B1B0-91B51F545822}"
EndProject
Project("{2150E333-8FDC-42A3-9474-1A3956D46DE8}") = "Utils", "Utils", "{414FB8D1-D3F8-372E-A082-01BA9E422259}"
EndProject
Project("{8BC9CEB8-8B4A-11D0-8D11-00A0C91BC942}") = "ALL_BUILD", "ALL_BUILD.vcxproj", "{2BF95D2B-CF6B-3E88-BE20-D5D029B15FC8}"
	ProjectSection(ProjectDependencies) = postProject
		{A53F0BCC-4E59-3C80-91AB-CCB647BEC3B1} = {A53F0BCC-4E59-3C80-91AB-CCB647BEC3B1}
		{EE48CE10-8469-3604-A3E2-BD2E071C2B53} = {EE48CE10-8469-3604-A3E2-BD2E071C2B53}
		{B1337BD5-70CF-32A7-AC4B-505D82561BFD} = {B1337BD5-70CF-32A7-AC4B-505D82561BFD}
		{4BB5D939-0562-372F-A443-13DDA024F855} = {4BB5D939-0562-372F-A443-13DDA024F855}
		{7B218127-FA56-3CCC-ADA6-D237E79FB576} = {7B218127-FA56-3CCC-ADA6-D237E79FB576}
		{1EACE687-2303-3D67-B1A8-052970A7317B} = {1EACE687-2303-3D67-B1A8-052970A7317B}
		{6F4398C0-FA54-3D4E-8420-032AD488397B} = {6F4398C0-FA54-3D4E-8420-032AD488397B}
		{FA9B9786-D9C8-30F2-BDBA-25FE7E931FCC} = {FA9B9786-D9C8-30F2-BDBA-25FE7E931FCC}
		{A3EBA51B-DD77-3937-ABEB-6266F83AC052} = {A3EBA51B-DD77-3937-ABEB-6266F83AC052}
		{F4AE90E8-E2A8-3777-A83B-83678334D1A1} = {F4AE90E8-E2A8-3777-A83B-83678334D1A1}
		{E704A52F-3B81-3AFE-9742-C6C0D6762593} = {E704A52F-3B81-3AFE-9742-C6C0D6762593}
		{A15C615D-EA4D-392C-BA5C-1AA747B83CD7} = {A15C615D-EA4D-392C-BA5C-1AA747B83CD7}
		{45FE0FC6-1114-3CF9-ADAF-1FEBABA1602C} = {45FE0FC6-1114-3CF9-ADAF-1FEBABA1602C}
		{933E14F7-FA9E-3843-9339-56F53163EFF8} = {933E14F7-FA9E-3843-9339-56F53163EFF8}
		{58FC3188-12D3-3CFF-A9AF-DDA123189A3A} = {58FC3188-12D3-3CFF-A9AF-DDA123189A3A}
	EndProjectSection
EndProject
Project("{8BC9CEB8-8B4A-11D0-8D11-00A0C91BC942}") = "SYNC_RESOURCE-Worm", "SYNC_RESOURCE-Worm.vcxproj", "{A53F0BCC-4E59-3C80-91AB-CCB647BEC3B1}"
	ProjectSection(ProjectDependencies) = postProject
		{B1337BD5-70CF-32A7-AC4B-505D82561BFD} = {B1337BD5-70CF-32A7-AC4B-505D82561BFD}
	EndProjectSection
EndProject
Project("{8BC9CEB8-8B4A-11D0-8D11-00A0C91BC942}") = "Worm", "Worm.vcxproj", "{EE48CE10-8469-3604-A3E2-BD2E071C2B53}"
	ProjectSection(ProjectDependencies) = postProject
		{A53F0BCC-4E59-3C80-91AB-CCB647BEC3B1} = {A53F0BCC-4E59-3C80-91AB-CCB647BEC3B1}
		{B1337BD5-70CF-32A7-AC4B-505D82561BFD} = {B1337BD5-70CF-32A7-AC4B-505D82561BFD}
		{4BB5D939-0562-372F-A443-13DDA024F855} = {4BB5D939-0562-372F-A443-13DDA024F855}
		{7B218127-FA56-3CCC-ADA6-D237E79FB576} = {7B218127-FA56-3CCC-ADA6-D237E79FB576}
		{1EACE687-2303-3D67-B1A8-052970A7317B} = {1EACE687-2303-3D67-B1A8-052970A7317B}
		{6F4398C0-FA54-3D4E-8420-032AD488397B} = {6F4398C0-FA54-3D4E-8420-032AD488397B}
		{FA9B9786-D9C8-30F2-BDBA-25FE7E931FCC} = {FA9B9786-D9C8-30F2-BDBA-25FE7E931FCC}
		{A3EBA51B-DD77-3937-ABEB-6266F83AC052} = {A3EBA51B-DD77-3937-ABEB-6266F83AC052}
		{F4AE90E8-E2A8-3777-A83B-83678334D1A1} = {F4AE90E8-E2A8-3777-A83B-83678334D1A1}
		{E704A52F-3B81-3AFE-9742-C6C0D6762593} = {E704A52F-3B81-3AFE-9742-C6C0D6762593}
		{A15C615D-EA4D-392C-BA5C-1AA747B83CD7} = {A15C615D-EA4D-392C-BA5C-1AA747B83CD7}
		{45FE0FC6-1114-3CF9-ADAF-1FEBABA1602C} = {45FE0FC6-1114-3CF9-ADAF-1FEBABA1602C}
		{933E14F7-FA9E-3843-9339-56F53163EFF8} = {933E14F7-FA9E-3843-9339-56F53163EFF8}
		{58FC3188-12D3-3CFF-A9AF-DDA123189A3A} = {58FC3188-12D3-3CFF-A9AF-DDA123189A3A}
	EndProjectSection
EndProject
Project("{8BC9CEB8-8B4A-11D0-8D11-00A0C91BC942}") = "ZERO_CHECK", "ZERO_CHECK.vcxproj", "{B1337BD5-70CF-32A7-AC4B-505D82561BFD}"
	ProjectSection(ProjectDependencies) = postProject
	EndProjectSection
EndProject
Project("{8BC9CEB8-8B4A-11D0-8D11-00A0C91BC942}") = "cocos2d", "engine\cocos\core\cocos2d.vcxproj", "{4BB5D939-0562-372F-A443-13DDA024F855}"
	ProjectSection(ProjectDependencies) = postProject
		{B1337BD5-70CF-32A7-AC4B-505D82561BFD} = {B1337BD5-70CF-32A7-AC4B-505D82561BFD}
		{7B218127-FA56-3CCC-ADA6-D237E79FB576} = {7B218127-FA56-3CCC-ADA6-D237E79FB576}
		{1EACE687-2303-3D67-B1A8-052970A7317B} = {1EACE687-2303-3D67-B1A8-052970A7317B}
		{6F4398C0-FA54-3D4E-8420-032AD488397B} = {6F4398C0-FA54-3D4E-8420-032AD488397B}
		{FA9B9786-D9C8-30F2-BDBA-25FE7E931FCC} = {FA9B9786-D9C8-30F2-BDBA-25FE7E931FCC}
		{A3EBA51B-DD77-3937-ABEB-6266F83AC052} = {A3EBA51B-DD77-3937-ABEB-6266F83AC052}
		{F4AE90E8-E2A8-3777-A83B-83678334D1A1} = {F4AE90E8-E2A8-3777-A83B-83678334D1A1}
		{E704A52F-3B81-3AFE-9742-C6C0D6762593} = {E704A52F-3B81-3AFE-9742-C6C0D6762593}
		{A15C615D-EA4D-392C-BA5C-1AA747B83CD7} = {A15C615D-EA4D-392C-BA5C-1AA747B83CD7}
		{45FE0FC6-1114-3CF9-ADAF-1FEBABA1602C} = {45FE0FC6-1114-3CF9-ADAF-1FEBABA1602C}
		{933E14F7-FA9E-3843-9339-56F53163EFF8} = {933E14F7-FA9E-3843-9339-56F53163EFF8}
		{58FC3188-12D3-3CFF-A9AF-DDA123189A3A} = {58FC3188-12D3-3CFF-A9AF-DDA123189A3A}
	EndProjectSection
EndProject
Project("{8BC9CEB8-8B4A-11D0-8D11-00A0C91BC942}") = "ext_clipper", "engine\external\clipper\ext_clipper.vcxproj", "{7B218127-FA56-3CCC-ADA6-D237E79FB576}"
	ProjectSection(ProjectDependencies) = postProject
		{B1337BD5-70CF-32A7-AC4B-505D82561BFD} = {B1337BD5-70CF-32A7-AC4B-505D82561BFD}
	EndProjectSection
EndProject
Project("{8BC9CEB8-8B4A-11D0-8D11-00A0C91BC942}") = "ext_convertUTF", "engine\external\ConvertUTF\ext_convertUTF.vcxproj", "{1EACE687-2303-3D67-B1A8-052970A7317B}"
	ProjectSection(ProjectDependencies) = postProject
		{B1337BD5-70CF-32A7-AC4B-505D82561BFD} = {B1337BD5-70CF-32A7-AC4B-505D82561BFD}
	EndProjectSection
EndProject
Project("{8BC9CEB8-8B4A-11D0-8D11-00A0C91BC942}") = "ext_edtaa3func", "engine\external\edtaa3func\ext_edtaa3func.vcxproj", "{6F4398C0-FA54-3D4E-8420-032AD488397B}"
	ProjectSection(ProjectDependencies) = postProject
		{B1337BD5-70CF-32A7-AC4B-505D82561BFD} = {B1337BD5-70CF-32A7-AC4B-505D82561BFD}
	EndProjectSection
EndProject
Project("{8BC9CEB8-8B4A-11D0-8D11-00A0C91BC942}") = "ext_md5", "engine\external\md5\ext_md5.vcxproj", "{FA9B9786-D9C8-30F2-BDBA-25FE7E931FCC}"
	ProjectSection(ProjectDependencies) = postProject
		{B1337BD5-70CF-32A7-AC4B-505D82561BFD} = {B1337BD5-70CF-32A7-AC4B-505D82561BFD}
	EndProjectSection
EndProject
Project("{8BC9CEB8-8B4A-11D0-8D11-00A0C91BC942}") = "ext_poly2tri", "engine\external\poly2tri\ext_poly2tri.vcxproj", "{A3EBA51B-DD77-3937-ABEB-6266F83AC052}"
	ProjectSection(ProjectDependencies) = postProject
		{B1337BD5-70CF-32A7-AC4B-505D82561BFD} = {B1337BD5-70CF-32A7-AC4B-505D82561BFD}
	EndProjectSection
EndProject
Project("{8BC9CEB8-8B4A-11D0-8D11-00A0C91BC942}") = "ext_recast", "engine\external\recast\ext_recast.vcxproj", "{F4AE90E8-E2A8-3777-A83B-83678334D1A1}"
	ProjectSection(ProjectDependencies) = postProject
		{B1337BD5-70CF-32A7-AC4B-505D82561BFD} = {B1337BD5-70CF-32A7-AC4B-505D82561BFD}
	EndProjectSection
EndProject
Project("{8BC9CEB8-8B4A-11D0-8D11-00A0C91BC942}") = "ext_tinyxml2", "engine\external\tinyxml2\ext_tinyxml2.vcxproj", "{E704A52F-3B81-3AFE-9742-C6C0D6762593}"
	ProjectSection(ProjectDependencies) = postProject
		{B1337BD5-70CF-32A7-AC4B-505D82561BFD} = {B1337BD5-70CF-32A7-AC4B-505D82561BFD}
	EndProjectSection
EndProject
Project("{8BC9CEB8-8B4A-11D0-8D11-00A0C91BC942}") = "ext_unzip", "engine\external\unzip\ext_unzip.vcxproj", "{A15C615D-EA4D-392C-BA5C-1AA747B83CD7}"
	ProjectSection(ProjectDependencies) = postProject
		{B1337BD5-70CF-32A7-AC4B-505D82561BFD} = {B1337BD5-70CF-32A7-AC4B-505D82561BFD}
	EndProjectSection
EndProject
Project("{8BC9CEB8-8B4A-11D0-8D11-00A0C91BC942}") = "ext_xxhash", "engine\external\xxhash\ext_xxhash.vcxproj", "{45FE0FC6-1114-3CF9-ADAF-1FEBABA1602C}"
	ProjectSection(ProjectDependencies) = postProject
		{B1337BD5-70CF-32A7-AC4B-505D82561BFD} = {B1337BD5-70CF-32A7-AC4B-505D82561BFD}
	EndProjectSection
EndProject
Project("{8BC9CEB8-8B4A-11D0-8D11-00A0C91BC942}") = "ext_xxtea", "engine\external\xxtea\ext_xxtea.vcxproj", "{933E14F7-FA9E-3843-9339-56F53163EFF8}"
	ProjectSection(ProjectDependencies) = postProject
		{B1337BD5-70CF-32A7-AC4B-505D82561BFD} = {B1337BD5-70CF-32A7-AC4B-505D82561BFD}
	EndProjectSection
EndProject
Project("{8BC9CEB8-8B4A-11D0-8D11-00A0C91BC942}") = "external", "engine\external\external.vcxproj", "{58FC3188-12D3-3CFF-A9AF-DDA123189A3A}"
	ProjectSection(ProjectDependencies) = postProject
		{B1337BD5-70CF-32A7-AC4B-505D82561BFD} = {B1337BD5-70CF-32A7-AC4B-505D82561BFD}
		{7B218127-FA56-3CCC-ADA6-D237E79FB576} = {7B218127-FA56-3CCC-ADA6-D237E79FB576}
		{1EACE687-2303-3D67-B1A8-052970A7317B} = {1EACE687-2303-3D67-B1A8-052970A7317B}
		{6F4398C0-FA54-3D4E-8420-032AD488397B} = {6F4398C0-FA54-3D4E-8420-032AD488397B}
		{FA9B9786-D9C8-30F2-BDBA-25FE7E931FCC} = {FA9B9786-D9C8-30F2-BDBA-25FE7E931FCC}
		{A3EBA51B-DD77-3937-ABEB-6266F83AC052} = {A3EBA51B-DD77-3937-ABEB-6266F83AC052}
		{F4AE90E8-E2A8-3777-A83B-83678334D1A1} = {F4AE90E8-E2A8-3777-A83B-83678334D1A1}
		{E704A52F-3B81-3AFE-9742-C6C0D6762593} = {E704A52F-3B81-3AFE-9742-C6C0D6762593}
		{A15C615D-EA4D-392C-BA5C-1AA747B83CD7} = {A15C615D-EA4D-392C-BA5C-1AA747B83CD7}
		{45FE0FC6-1114-3CF9-ADAF-1FEBABA1602C} = {45FE0FC6-1114-3CF9-ADAF-1FEBABA1602C}
		{933E14F7-FA9E-3843-9339-56F53163EFF8} = {933E14F7-FA9E-3843-9339-56F53163EFF8}
	EndProjectSection
EndProject
Global
	GlobalSection(SolutionConfigurationPlatforms) = preSolution
		Debug|Win32 = Debug|Win32
		Release|Win32 = Release|Win32
		MinSizeRel|Win32 = MinSizeRel|Win32
		RelWithDebInfo|Win32 = RelWithDebInfo|Win32
	EndGlobalSection
	GlobalSection(ProjectConfigurationPlatforms) = postSolution
		{2BF95D2B-CF6B-3E88-BE20-D5D029B15FC8}.Debug|Win32.ActiveCfg = Debug|Win32
		{2BF95D2B-CF6B-3E88-BE20-D5D029B15FC8}.Release|Win32.ActiveCfg = Release|Win32
		{2BF95D2B-CF6B-3E88-BE20-D5D029B15FC8}.MinSizeRel|Win32.ActiveCfg = MinSizeRel|Win32
		{2BF95D2B-CF6B-3E88-BE20-D5D029B15FC8}.RelWithDebInfo|Win32.ActiveCfg = RelWithDebInfo|Win32
		{A53F0BCC-4E59-3C80-91AB-CCB647BEC3B1}.Debug|Win32.ActiveCfg = Debug|Win32
		{A53F0BCC-4E59-3C80-91AB-CCB647BEC3B1}.Debug|Win32.Build.0 = Debug|Win32
		{A53F0BCC-4E59-3C80-91AB-CCB647BEC3B1}.Release|Win32.ActiveCfg = Release|Win32
		{A53F0BCC-4E59-3C80-91AB-CCB647BEC3B1}.Release|Win32.Build.0 = Release|Win32
		{A53F0BCC-4E59-3C80-91AB-CCB647BEC3B1}.MinSizeRel|Win32.ActiveCfg = MinSizeRel|Win32
		{A53F0BCC-4E59-3C80-91AB-CCB647BEC3B1}.MinSizeRel|Win32.Build.0 = MinSizeRel|Win32
		{A53F0BCC-4E59-3C80-91AB-CCB647BEC3B1}.RelWithDebInfo|Win32.ActiveCfg = RelWithDebInfo|Win32
		{A53F0BCC-4E59-3C80-91AB-CCB647BEC3B1}.RelWithDebInfo|Win32.Build.0 = RelWithDebInfo|Win32
		{EE48CE10-8469-3604-A3E2-BD2E071C2B53}.Debug|Win32.ActiveCfg = Debug|Win32
		{EE48CE10-8469-3604-A3E2-BD2E071C2B53}.Debug|Win32.Build.0 = Debug|Win32
		{EE48CE10-8469-3604-A3E2-BD2E071C2B53}.Release|Win32.ActiveCfg = Release|Win32
		{EE48CE10-8469-3604-A3E2-BD2E071C2B53}.Release|Win32.Build.0 = Release|Win32
		{EE48CE10-8469-3604-A3E2-BD2E071C2B53}.MinSizeRel|Win32.ActiveCfg = MinSizeRel|Win32
		{EE48CE10-8469-3604-A3E2-BD2E071C2B53}.MinSizeRel|Win32.Build.0 = MinSizeRel|Win32
		{EE48CE10-8469-3604-A3E2-BD2E071C2B53}.RelWithDebInfo|Win32.ActiveCfg = RelWithDebInfo|Win32
		{EE48CE10-8469-3604-A3E2-BD2E071C2B53}.RelWithDebInfo|Win32.Build.0 = RelWithDebInfo|Win32
		{B1337BD5-70CF-32A7-AC4B-505D82561BFD}.Debug|Win32.ActiveCfg = Debug|Win32
		{B1337BD5-70CF-32A7-AC4B-505D82561BFD}.Debug|Win32.Build.0 = Debug|Win32
		{B1337BD5-70CF-32A7-AC4B-505D82561BFD}.Release|Win32.ActiveCfg = Release|Win32
		{B1337BD5-70CF-32A7-AC4B-505D82561BFD}.Release|Win32.Build.0 = Release|Win32
		{B1337BD5-70CF-32A7-AC4B-505D82561BFD}.MinSizeRel|Win32.ActiveCfg = MinSizeRel|Win32
		{B1337BD5-70CF-32A7-AC4B-505D82561BFD}.MinSizeRel|Win32.Build.0 = MinSizeRel|Win32
		{B1337BD5-70CF-32A7-AC4B-505D82561BFD}.RelWithDebInfo|Win32.ActiveCfg = RelWithDebInfo|Win32
		{B1337BD5-70CF-32A7-AC4B-505D82561BFD}.RelWithDebInfo|Win32.Build.0 = RelWithDebInfo|Win32
		{4BB5D939-0562-372F-A443-13DDA024F855}.Debug|Win32.ActiveCfg = Debug|Win32
		{4BB5D939-0562-372F-A443-13DDA024F855}.Debug|Win32.Build.0 = Debug|Win32
		{4BB5D939-0562-372F-A443-13DDA024F855}.Release|Win32.ActiveCfg = Release|Win32
		{4BB5D939-0562-372F-A443-13DDA024F855}.Release|Win32.Build.0 = Release|Win32
		{4BB5D939-0562-372F-A443-13DDA024F855}.MinSizeRel|Win32.ActiveCfg = MinSizeRel|Win32
		{4BB5D939-0562-372F-A443-13DDA024F855}.MinSizeRel|Win32.Build.0 = MinSizeRel|Win32
		{4BB5D939-0562-372F-A443-13DDA024F855}.RelWithDebInfo|Win32.ActiveCfg = RelWithDebInfo|Win32
		{4BB5D939-0562-372F-A443-13DDA024F855}.RelWithDebInfo|Win32.Build.0 = RelWithDebInfo|Win32
		{7B218127-FA56-3CCC-ADA6-D237E79FB576}.Debug|Win32.ActiveCfg = Debug|Win32
		{7B218127-FA56-3CCC-ADA6-D237E79FB576}.Debug|Win32.Build.0 = Debug|Win32
		{7B218127-FA56-3CCC-ADA6-D237E79FB576}.Release|Win32.ActiveCfg = Release|Win32
		{7B218127-FA56-3CCC-ADA6-D237E79FB576}.Release|Win32.Build.0 = Release|Win32
		{7B218127-FA56-3CCC-ADA6-D237E79FB576}.MinSizeRel|Win32.ActiveCfg = MinSizeRel|Win32
		{7B218127-FA56-3CCC-ADA6-D237E79FB576}.MinSizeRel|Win32.Build.0 = MinSizeRel|Win32
		{7B218127-FA56-3CCC-ADA6-D237E79FB576}.RelWithDebInfo|Win32.ActiveCfg = RelWithDebInfo|Win32
		{7B218127-FA56-3CCC-ADA6-D237E79FB576}.RelWithDebInfo|Win32.Build.0 = RelWithDebInfo|Win32
		{1EACE687-2303-3D67-B1A8-052970A7317B}.Debug|Win32.ActiveCfg = Debug|Win32
		{1EACE687-2303-3D67-B1A8-052970A7317B}.Debug|Win32.Build.0 = Debug|Win32
		{1EACE687-2303-3D67-B1A8-052970A7317B}.Release|Win32.ActiveCfg = Release|Win32
		{1EACE687-2303-3D67-B1A8-052970A7317B}.Release|Win32.Build.0 = Release|Win32
		{1EACE687-2303-3D67-B1A8-052970A7317B}.MinSizeRel|Win32.ActiveCfg = MinSizeRel|Win32
		{1EACE687-2303-3D67-B1A8-052970A7317B}.MinSizeRel|Win32.Build.0 = MinSizeRel|Win32
		{1EACE687-2303-3D67-B1A8-052970A7317B}.RelWithDebInfo|Win32.ActiveCfg = RelWithDebInfo|Win32
		{1EACE687-2303-3D67-B1A8-052970A7317B}.RelWithDebInfo|Win32.Build.0 = RelWithDebInfo|Win32
		{6F4398C0-FA54-3D4E-8420-032AD488397B}.Debug|Win32.ActiveCfg = Debug|Win32
		{6F4398C0-FA54-3D4E-8420-032AD488397B}.Debug|Win32.Build.0 = Debug|Win32
		{6F4398C0-FA54-3D4E-8420-032AD488397B}.Release|Win32.ActiveCfg = Release|Win32
		{6F4398C0-FA54-3D4E-8420-032AD488397B}.Release|Win32.Build.0 = Release|Win32
		{6F4398C0-FA54-3D4E-8420-032AD488397B}.MinSizeRel|Win32.ActiveCfg = MinSizeRel|Win32
		{6F4398C0-FA54-3D4E-8420-032AD488397B}.MinSizeRel|Win32.Build.0 = MinSizeRel|Win32
		{6F4398C0-FA54-3D4E-8420-032AD488397B}.RelWithDebInfo|Win32.ActiveCfg = RelWithDebInfo|Win32
		{6F4398C0-FA54-3D4E-8420-032AD488397B}.RelWithDebInfo|Win32.Build.0 = RelWithDebInfo|Win32
		{FA9B9786-D9C8-30F2-BDBA-25FE7E931FCC}.Debug|Win32.ActiveCfg = Debug|Win32
		{FA9B9786-D9C8-30F2-BDBA-25FE7E931FCC}.Debug|Win32.Build.0 = Debug|Win32
		{FA9B9786-D9C8-30F2-BDBA-25FE7E931FCC}.Release|Win32.ActiveCfg = Release|Win32
		{FA9B9786-D9C8-30F2-BDBA-25FE7E931FCC}.Release|Win32.Build.0 = Release|Win32
		{FA9B9786-D9C8-30F2-BDBA-25FE7E931FCC}.MinSizeRel|Win32.ActiveCfg = MinSizeRel|Win32
		{FA9B9786-D9C8-30F2-BDBA-25FE7E931FCC}.MinSizeRel|Win32.Build.0 = MinSizeRel|Win32
		{FA9B9786-D9C8-30F2-BDBA-25FE7E931FCC}.RelWithDebInfo|Win32.ActiveCfg = RelWithDebInfo|Win32
		{FA9B9786-D9C8-30F2-BDBA-25FE7E931FCC}.RelWithDebInfo|Win32.Build.0 = RelWithDebInfo|Win32
		{A3EBA51B-DD77-3937-ABEB-6266F83AC052}.Debug|Win32.ActiveCfg = Debug|Win32
		{A3EBA51B-DD77-3937-ABEB-6266F83AC052}.Debug|Win32.Build.0 = Debug|Win32
		{A3EBA51B-DD77-3937-ABEB-6266F83AC052}.Release|Win32.ActiveCfg = Release|Win32
		{A3EBA51B-DD77-3937-ABEB-6266F83AC052}.Release|Win32.Build.0 = Release|Win32
		{A3EBA51B-DD77-3937-ABEB-6266F83AC052}.MinSizeRel|Win32.ActiveCfg = MinSizeRel|Win32
		{A3EBA51B-DD77-3937-ABEB-6266F83AC052}.MinSizeRel|Win32.Build.0 = MinSizeRel|Win32
		{A3EBA51B-DD77-3937-ABEB-6266F83AC052}.RelWithDebInfo|Win32.ActiveCfg = RelWithDebInfo|Win32
		{A3EBA51B-DD77-3937-ABEB-6266F83AC052}.RelWithDebInfo|Win32.Build.0 = RelWithDebInfo|Win32
		{F4AE90E8-E2A8-3777-A83B-83678334D1A1}.Debug|Win32.ActiveCfg = Debug|Win32
		{F4AE90E8-E2A8-3777-A83B-83678334D1A1}.Debug|Win32.Build.0 = Debug|Win32
		{F4AE90E8-E2A8-3777-A83B-83678334D1A1}.Release|Win32.ActiveCfg = Release|Win32
		{F4AE90E8-E2A8-3777-A83B-83678334D1A1}.Release|Win32.Build.0 = Release|Win32
		{F4AE90E8-E2A8-3777-A83B-83678334D1A1}.MinSizeRel|Win32.ActiveCfg = MinSizeRel|Win32
		{F4AE90E8-E2A8-3777-A83B-83678334D1A1}.MinSizeRel|Win32.Build.0 = MinSizeRel|Win32
		{F4AE90E8-E2A8-3777-A83B-83678334D1A1}.RelWithDebInfo|Win32.ActiveCfg = RelWithDebInfo|Win32
		{F4AE90E8-E2A8-3777-A83B-83678334D1A1}.RelWithDebInfo|Win32.Build.0 = RelWithDebInfo|Win32
		{E704A52F-3B81-3AFE-9742-C6C0D6762593}.Debug|Win32.ActiveCfg = Debug|Win32
		{E704A52F-3B81-3AFE-9742-C6C0D6762593}.Debug|Win32.Build.0 = Debug|Win32
		{E704A52F-3B81-3AFE-9742-C6C0D6762593}.Release|Win32.ActiveCfg = Release|Win32
		{E704A52F-3B81-3AFE-9742-C6C0D6762593}.Release|Win32.Build.0 = Release|Win32
		{E704A52F-3B81-3AFE-9742-C6C0D6762593}.MinSizeRel|Win32.ActiveCfg = MinSizeRel|Win32
		{E704A52F-3B81-3AFE-9742-C6C0D6762593}.MinSizeRel|Win32.Build.0 = MinSizeRel|Win32
		{E704A52F-3B81-3AFE-9742-C6C0D6762593}.RelWithDebInfo|Win32.ActiveCfg = RelWithDebInfo|Win32
		{E704A52F-3B81-3AFE-9742-C6C0D6762593}.RelWithDebInfo|Win32.Build.0 = RelWithDebInfo|Win32
		{A15C615D-EA4D-392C-BA5C-1AA747B83CD7}.Debug|Win32.ActiveCfg = Debug|Win32
		{A15C615D-EA4D-392C-BA5C-1AA747B83CD7}.Debug|Win32.Build.0 = Debug|Win32
		{A15C615D-EA4D-392C-BA5C-1AA747B83CD7}.Release|Win32.ActiveCfg = Release|Win32
		{A15C615D-EA4D-392C-BA5C-1AA747B83CD7}.Release|Win32.Build.0 = Release|Win32
		{A15C615D-EA4D-392C-BA5C-1AA747B83CD7}.MinSizeRel|Win32.ActiveCfg = MinSizeRel|Win32
		{A15C615D-EA4D-392C-BA5C-1AA747B83CD7}.MinSizeRel|Win32.Build.0 = MinSizeRel|Win32
		{A15C615D-EA4D-392C-BA5C-1AA747B83CD7}.RelWithDebInfo|Win32.ActiveCfg = RelWithDebInfo|Win32
		{A15C615D-EA4D-392C-BA5C-1AA747B83CD7}.RelWithDebInfo|Win32.Build.0 = RelWithDebInfo|Win32
		{45FE0FC6-1114-3CF9-ADAF-1FEBABA1602C}.Debug|Win32.ActiveCfg = Debug|Win32
		{45FE0FC6-1114-3CF9-ADAF-1FEBABA1602C}.Debug|Win32.Build.0 = Debug|Win32
		{45FE0FC6-1114-3CF9-ADAF-1FEBABA1602C}.Release|Win32.ActiveCfg = Release|Win32
		{45FE0FC6-1114-3CF9-ADAF-1FEBABA1602C}.Release|Win32.Build.0 = Release|Win32
		{45FE0FC6-1114-3CF9-ADAF-1FEBABA1602C}.MinSizeRel|Win32.ActiveCfg = MinSizeRel|Win32
		{45FE0FC6-1114-3CF9-ADAF-1FEBABA1602C}.MinSizeRel|Win32.Build.0 = MinSizeRel|Win32
		{45FE0FC6-1114-3CF9-ADAF-1FEBABA1602C}.RelWithDebInfo|Win32.ActiveCfg = RelWithDebInfo|Win32
		{45FE0FC6-1114-3CF9-ADAF-1FEBABA1602C}.RelWithDebInfo|Win32.Build.0 = RelWithDebInfo|Win32
		{933E14F7-FA9E-3843-9339-56F53163EFF8}.Debug|Win32.ActiveCfg = Debug|Win32
		{933E14F7-FA9E-3843-9339-56F53163EFF8}.Debug|Win32.Build.0 = Debug|Win32
		{933E14F7-FA9E-3843-9339-56F53163EFF8}.Release|Win32.ActiveCfg = Release|Win32
		{933E14F7-FA9E-3843-9339-56F53163EFF8}.Release|Win32.Build.0 = Release|Win32
		{933E14F7-FA9E-3843-9339-56F53163EFF8}.MinSizeRel|Win32.ActiveCfg = MinSizeRel|Win32
		{933E14F7-FA9E-3843-9339-56F53163EFF8}.MinSizeRel|Win32.Build.0 = MinSizeRel|Win32
		{933E14F7-FA9E-3843-9339-56F53163EFF8}.RelWithDebInfo|Win32.ActiveCfg = RelWithDebInfo|Win32
		{933E14F7-FA9E-3843-9339-56F53163EFF8}.RelWithDebInfo|Win32.Build.0 = RelWithDebInfo|Win32
		{58FC3188-12D3-3CFF-A9AF-DDA123189A3A}.Debug|Win32.ActiveCfg = Debug|Win32
		{58FC3188-12D3-3CFF-A9AF-DDA123189A3A}.Debug|Win32.Build.0 = Debug|Win32
		{58FC3188-12D3-3CFF-A9AF-DDA123189A3A}.Release|Win32.ActiveCfg = Release|Win32
		{58FC3188-12D3-3CFF-A9AF-DDA123189A3A}.Release|Win32.Build.0 = Release|Win32
		{58FC3188-12D3-3CFF-A9AF-DDA123189A3A}.MinSizeRel|Win32.ActiveCfg = MinSizeRel|Win32
		{58FC3188-12D3-3CFF-A9AF-DDA123189A3A}.MinSizeRel|Win32.Build.0 = MinSizeRel|Win32
		{58FC3188-12D3-3CFF-A9AF-DDA123189A3A}.RelWithDebInfo|Win32.ActiveCfg = RelWithDebInfo|Win32
		{58FC3188-12D3-3CFF-A9AF-DDA123189A3A}.RelWithDebInfo|Win32.Build.0 = RelWithDebInfo|Win32
	EndGlobalSection
	GlobalSection(NestedProjects) = preSolution
		{2BF95D2B-CF6B-3E88-BE20-D5D029B15FC8} = {3E4D538D-AA48-3D72-8192-30034A38E1C3}
		{B1337BD5-70CF-32A7-AC4B-505D82561BFD} = {3E4D538D-AA48-3D72-8192-30034A38E1C3}
		{7B218127-FA56-3CCC-ADA6-D237E79FB576} = {3A51C870-F6CD-3846-BE46-EDBB18C2082A}
		{1EACE687-2303-3D67-B1A8-052970A7317B} = {3A51C870-F6CD-3846-BE46-EDBB18C2082A}
		{6F4398C0-FA54-3D4E-8420-032AD488397B} = {3A51C870-F6CD-3846-BE46-EDBB18C2082A}
		{FA9B9786-D9C8-30F2-BDBA-25FE7E931FCC} = {3A51C870-F6CD-3846-BE46-EDBB18C2082A}
		{A3EBA51B-DD77-3937-ABEB-6266F83AC052} = {3A51C870-F6CD-3846-BE46-EDBB18C2082A}
		{F4AE90E8-E2A8-3777-A83B-83678334D1A1} = {3A51C870-F6CD-3846-BE46-EDBB18C2082A}
		{E704A52F-3B81-3AFE-9742-C6C0D6762593} = {3A51C870-F6CD-3846-BE46-EDBB18C2082A}
		{A15C615D-EA4D-392C-BA5C-1AA747B83CD7} = {3A51C870-F6CD-3846-BE46-EDBB18C2082A}
		{45FE0FC6-1114-3CF9-ADAF-1FEBABA1602C} = {3A51C870-F6CD-3846-BE46-EDBB18C2082A}
		{933E14F7-FA9E-3843-9339-56F53163EFF8} = {3A51C870-F6CD-3846-BE46-EDBB18C2082A}
		{58FC3188-12D3-3CFF-A9AF-DDA123189A3A} = {3A51C870-F6CD-3846-BE46-EDBB18C2082A}
		{4BB5D939-0562-372F-A443-13DDA024F855} = {F0E18D0E-A911-38E6-B1B0-91B51F545822}
		{A53F0BCC-4E59-3C80-91AB-CCB647BEC3B1} = {414FB8D1-D3F8-372E-A082-01BA9E422259}
	EndGlobalSection
	GlobalSection(ExtensibilityGlobals) = postSolution
		SolutionGuid = {0D822470-4EDE-3956-9519-EB2F994DAEDD}
	EndGlobalSection
	GlobalSection(ExtensibilityAddIns) = postSolution
	EndGlobalSection
EndGlobal
